
Microsoft Visual Studio Solution File, Format Version 12.00
# Visual Studio Version 17
VisualStudioVersion = 17.3.32819.101
MinimumVisualStudioVersion = 10.0.40219.1
Project("{9A19103F-16F7-4668-BE54-9A1E7A4F7556}") = "Laison.MES.Domain.Shared", "src\Laison.MES.Domain.Shared\Laison.MES.Domain.Shared.csproj", "{D64C1577-4929-4B60-939E-96DE1534891A}"
EndProject
Project("{9A19103F-16F7-4668-BE54-9A1E7A4F7556}") = "Laison.MES.Domain", "src\Laison.MES.Domain\Laison.MES.Domain.csproj", "{F2840BC7-0188-4606-9126-DADD0F5ABF7A}"
EndProject
Project("{9A19103F-16F7-4668-BE54-9A1E7A4F7556}") = "Laison.MES.Application.Contracts", "src\Laison.MES.Application.Contracts\Laison.MES.Application.Contracts.csproj", "{BD65D04F-08D5-40C1-8C24-77CA0BACB877}"
EndProject
Project("{9A19103F-16F7-4668-BE54-9A1E7A4F7556}") = "Laison.MES.Application", "src\Laison.MES.Application\Laison.MES.Application.csproj", "{78040F9E-3501-4A40-82DF-00A597710F35}"
EndProject
Project("{2150E333-8FDC-42A3-9474-1A3956D46DE8}") = "src", "src", "{649A3FFA-182F-4E56-9717-E6A9A2BEC545}"
EndProject
Project("{2150E333-8FDC-42A3-9474-1A3956D46DE8}") = "test", "test", "{CCD2960C-23CC-4AB4-B84D-60C7AAA52F4D}"
EndProject
Project("{9A19103F-16F7-4668-BE54-9A1E7A4F7556}") = "Laison.MES.EntityFrameworkCore", "src\Laison.MES.EntityFrameworkCore\Laison.MES.EntityFrameworkCore.csproj", "{0CE86223-D31D-4315-A1F5-87BA3EE1B844}"
EndProject
Project("{9A19103F-16F7-4668-BE54-9A1E7A4F7556}") = "Laison.MES.TestBase", "test\Laison.MES.TestBase\Laison.MES.TestBase.csproj", "{C5BB573D-3030-4BCB-88B7-F6A85C32766C}"
EndProject
Project("{9A19103F-16F7-4668-BE54-9A1E7A4F7556}") = "Laison.MES.EntityFrameworkCore.Tests", "test\Laison.MES.EntityFrameworkCore.Tests\Laison.MES.EntityFrameworkCore.Tests.csproj", "{527F645C-C1FC-406E-8479-81386C8ECF13}"
EndProject
Project("{9A19103F-16F7-4668-BE54-9A1E7A4F7556}") = "Laison.MES.Domain.Tests", "test\Laison.MES.Domain.Tests\Laison.MES.Domain.Tests.csproj", "{E60895E5-79C4-447D-88B7-85CB5BA336A4}"
EndProject
Project("{9A19103F-16F7-4668-BE54-9A1E7A4F7556}") = "Laison.MES.Application.Tests", "test\Laison.MES.Application.Tests\Laison.MES.Application.Tests.csproj", "{90CB5DC4-C040-45C7-8900-9688B26405BC}"
EndProject
Project("{9A19103F-16F7-4668-BE54-9A1E7A4F7556}") = "Laison.MES.HttpApi.Host", "src\Laison.MES.HttpApi.Host\Laison.MES.HttpApi.Host.csproj", "{1F9288E7-83F9-4F00-8CF7-9C37AA7E1E8A}"
EndProject
Project("{9A19103F-16F7-4668-BE54-9A1E7A4F7556}") = "Laison.MES.Client", "src\Laison.MES.Client\Laison.MES.Client.csproj", "{972D1F2F-1037-4F35-A488-AD2781831640}"
EndProject
Project("{2150E333-8FDC-42A3-9474-1A3956D46DE8}") = "01_Server", "01_Server", "{176A8E7F-8CD5-4CBB-B85F-2BF0EEDC7FA5}"
EndProject
Project("{2150E333-8FDC-42A3-9474-1A3956D46DE8}") = "02_Client", "02_Client", "{169FFCA4-2117-492C-A888-FA2126A26E01}"
EndProject
Project("{FAE04EC0-301F-11D3-BF4B-00C04F79EFBC}") = "Laison.MES.RazorShared", "src\Laison.MES.RazorShared\Laison.MES.RazorShared.csproj", "{3715236C-41A6-4111-B570-AEB460F9E798}"
EndProject
Project("{FAE04EC0-301F-11D3-BF4B-00C04F79EFBC}") = "Laison.MES.Maui", "src\Laison.MES.Maui\Laison.MES.Maui.csproj", "{B4DBC3D6-07CD-4C27-B13B-721A91A9B67A}"
EndProject
Global
	GlobalSection(SolutionConfigurationPlatforms) = preSolution
		Debug|Any CPU = Debug|Any CPU
		Release|Any CPU = Release|Any CPU
	EndGlobalSection
	GlobalSection(ProjectConfigurationPlatforms) = postSolution
		{D64C1577-4929-4B60-939E-96DE1534891A}.Debug|Any CPU.ActiveCfg = Debug|Any CPU
		{D64C1577-4929-4B60-939E-96DE1534891A}.Debug|Any CPU.Build.0 = Debug|Any CPU
		{D64C1577-4929-4B60-939E-96DE1534891A}.Release|Any CPU.ActiveCfg = Release|Any CPU
		{D64C1577-4929-4B60-939E-96DE1534891A}.Release|Any CPU.Build.0 = Release|Any CPU
		{F2840BC7-0188-4606-9126-DADD0F5ABF7A}.Debug|Any CPU.ActiveCfg = Debug|Any CPU
		{F2840BC7-0188-4606-9126-DADD0F5ABF7A}.Debug|Any CPU.Build.0 = Debug|Any CPU
		{F2840BC7-0188-4606-9126-DADD0F5ABF7A}.Release|Any CPU.ActiveCfg = Release|Any CPU
		{F2840BC7-0188-4606-9126-DADD0F5ABF7A}.Release|Any CPU.Build.0 = Release|Any CPU
		{BD65D04F-08D5-40C1-8C24-77CA0BACB877}.Debug|Any CPU.ActiveCfg = Debug|Any CPU
		{BD65D04F-08D5-40C1-8C24-77CA0BACB877}.Debug|Any CPU.Build.0 = Debug|Any CPU
		{BD65D04F-08D5-40C1-8C24-77CA0BACB877}.Release|Any CPU.ActiveCfg = Release|Any CPU
		{BD65D04F-08D5-40C1-8C24-77CA0BACB877}.Release|Any CPU.Build.0 = Release|Any CPU
		{78040F9E-3501-4A40-82DF-00A597710F35}.Debug|Any CPU.ActiveCfg = Debug|Any CPU
		{78040F9E-3501-4A40-82DF-00A597710F35}.Debug|Any CPU.Build.0 = Debug|Any CPU
		{78040F9E-3501-4A40-82DF-00A597710F35}.Release|Any CPU.ActiveCfg = Release|Any CPU
		{78040F9E-3501-4A40-82DF-00A597710F35}.Release|Any CPU.Build.0 = Release|Any CPU
		{0CE86223-D31D-4315-A1F5-87BA3EE1B844}.Debug|Any CPU.ActiveCfg = Debug|Any CPU
		{0CE86223-D31D-4315-A1F5-87BA3EE1B844}.Debug|Any CPU.Build.0 = Debug|Any CPU
		{0CE86223-D31D-4315-A1F5-87BA3EE1B844}.Release|Any CPU.ActiveCfg = Release|Any CPU
		{0CE86223-D31D-4315-A1F5-87BA3EE1B844}.Release|Any CPU.Build.0 = Release|Any CPU
		{C5BB573D-3030-4BCB-88B7-F6A85C32766C}.Debug|Any CPU.ActiveCfg = Debug|Any CPU
		{C5BB573D-3030-4BCB-88B7-F6A85C32766C}.Debug|Any CPU.Build.0 = Debug|Any CPU
		{C5BB573D-3030-4BCB-88B7-F6A85C32766C}.Release|Any CPU.ActiveCfg = Release|Any CPU
		{C5BB573D-3030-4BCB-88B7-F6A85C32766C}.Release|Any CPU.Build.0 = Release|Any CPU
		{527F645C-C1FC-406E-8479-81386C8ECF13}.Debug|Any CPU.ActiveCfg = Debug|Any CPU
		{527F645C-C1FC-406E-8479-81386C8ECF13}.Debug|Any CPU.Build.0 = Debug|Any CPU
		{527F645C-C1FC-406E-8479-81386C8ECF13}.Release|Any CPU.ActiveCfg = Release|Any CPU
		{527F645C-C1FC-406E-8479-81386C8ECF13}.Release|Any CPU.Build.0 = Release|Any CPU
		{E60895E5-79C4-447D-88B7-85CB5BA336A4}.Debug|Any CPU.ActiveCfg = Debug|Any CPU
		{E60895E5-79C4-447D-88B7-85CB5BA336A4}.Debug|Any CPU.Build.0 = Debug|Any CPU
		{E60895E5-79C4-447D-88B7-85CB5BA336A4}.Release|Any CPU.ActiveCfg = Release|Any CPU
		{E60895E5-79C4-447D-88B7-85CB5BA336A4}.Release|Any CPU.Build.0 = Release|Any CPU
		{90CB5DC4-C040-45C7-8900-9688B26405BC}.Debug|Any CPU.ActiveCfg = Debug|Any CPU
		{90CB5DC4-C040-45C7-8900-9688B26405BC}.Debug|Any CPU.Build.0 = Debug|Any CPU
		{90CB5DC4-C040-45C7-8900-9688B26405BC}.Release|Any CPU.ActiveCfg = Release|Any CPU
		{90CB5DC4-C040-45C7-8900-9688B26405BC}.Release|Any CPU.Build.0 = Release|Any CPU
		{1F9288E7-83F9-4F00-8CF7-9C37AA7E1E8A}.Debug|Any CPU.ActiveCfg = Debug|Any CPU
		{1F9288E7-83F9-4F00-8CF7-9C37AA7E1E8A}.Debug|Any CPU.Build.0 = Debug|Any CPU
		{1F9288E7-83F9-4F00-8CF7-9C37AA7E1E8A}.Release|Any CPU.ActiveCfg = Release|Any CPU
		{1F9288E7-83F9-4F00-8CF7-9C37AA7E1E8A}.Release|Any CPU.Build.0 = Release|Any CPU
		{972D1F2F-1037-4F35-A488-AD2781831640}.Debug|Any CPU.ActiveCfg = Debug|Any CPU
		{972D1F2F-1037-4F35-A488-AD2781831640}.Debug|Any CPU.Build.0 = Debug|Any CPU
		{972D1F2F-1037-4F35-A488-AD2781831640}.Release|Any CPU.ActiveCfg = Release|Any CPU
		{972D1F2F-1037-4F35-A488-AD2781831640}.Release|Any CPU.Build.0 = Release|Any CPU
		{3715236C-41A6-4111-B570-AEB460F9E798}.Debug|Any CPU.ActiveCfg = Debug|Any CPU
		{3715236C-41A6-4111-B570-AEB460F9E798}.Debug|Any CPU.Build.0 = Debug|Any CPU
		{3715236C-41A6-4111-B570-AEB460F9E798}.Release|Any CPU.ActiveCfg = Release|Any CPU
		{3715236C-41A6-4111-B570-AEB460F9E798}.Release|Any CPU.Build.0 = Release|Any CPU
		{B4DBC3D6-07CD-4C27-B13B-721A91A9B67A}.Debug|Any CPU.ActiveCfg = Debug|Any CPU
		{B4DBC3D6-07CD-4C27-B13B-721A91A9B67A}.Debug|Any CPU.Build.0 = Debug|Any CPU
		{B4DBC3D6-07CD-4C27-B13B-721A91A9B67A}.Debug|Any CPU.Deploy.0 = Debug|Any CPU
		{B4DBC3D6-07CD-4C27-B13B-721A91A9B67A}.Release|Any CPU.ActiveCfg = Release|Any CPU
		{B4DBC3D6-07CD-4C27-B13B-721A91A9B67A}.Release|Any CPU.Build.0 = Release|Any CPU
		{B4DBC3D6-07CD-4C27-B13B-721A91A9B67A}.Release|Any CPU.Deploy.0 = Release|Any CPU
	EndGlobalSection
	GlobalSection(SolutionProperties) = preSolution
		HideSolutionNode = FALSE
	EndGlobalSection
	GlobalSection(NestedProjects) = preSolution
		{D64C1577-4929-4B60-939E-96DE1534891A} = {176A8E7F-8CD5-4CBB-B85F-2BF0EEDC7FA5}
		{F2840BC7-0188-4606-9126-DADD0F5ABF7A} = {176A8E7F-8CD5-4CBB-B85F-2BF0EEDC7FA5}
		{BD65D04F-08D5-40C1-8C24-77CA0BACB877} = {176A8E7F-8CD5-4CBB-B85F-2BF0EEDC7FA5}
		{78040F9E-3501-4A40-82DF-00A597710F35} = {176A8E7F-8CD5-4CBB-B85F-2BF0EEDC7FA5}
		{0CE86223-D31D-4315-A1F5-87BA3EE1B844} = {176A8E7F-8CD5-4CBB-B85F-2BF0EEDC7FA5}
		{C5BB573D-3030-4BCB-88B7-F6A85C32766C} = {CCD2960C-23CC-4AB4-B84D-60C7AAA52F4D}
		{527F645C-C1FC-406E-8479-81386C8ECF13} = {CCD2960C-23CC-4AB4-B84D-60C7AAA52F4D}
		{E60895E5-79C4-447D-88B7-85CB5BA336A4} = {CCD2960C-23CC-4AB4-B84D-60C7AAA52F4D}
		{90CB5DC4-C040-45C7-8900-9688B26405BC} = {CCD2960C-23CC-4AB4-B84D-60C7AAA52F4D}
		{1F9288E7-83F9-4F00-8CF7-9C37AA7E1E8A} = {176A8E7F-8CD5-4CBB-B85F-2BF0EEDC7FA5}
		{972D1F2F-1037-4F35-A488-AD2781831640} = {169FFCA4-2117-492C-A888-FA2126A26E01}
		{176A8E7F-8CD5-4CBB-B85F-2BF0EEDC7FA5} = {649A3FFA-182F-4E56-9717-E6A9A2BEC545}
		{169FFCA4-2117-492C-A888-FA2126A26E01} = {649A3FFA-182F-4E56-9717-E6A9A2BEC545}
		{3715236C-41A6-4111-B570-AEB460F9E798} = {169FFCA4-2117-492C-A888-FA2126A26E01}
		{B4DBC3D6-07CD-4C27-B13B-721A91A9B67A} = {169FFCA4-2117-492C-A888-FA2126A26E01}
	EndGlobalSection
	GlobalSection(ExtensibilityGlobals) = postSolution
		SolutionGuid = {4324B3B4-B60B-4E3C-91D8-59576B4E26DD}
	EndGlobalSection
EndGlobal
